
Microsoft Visual Studio Solution File, Format Version 12.00
# Visual Studio Version 17
VisualStudioVersion = 17.0.32112.339
MinimumVisualStudioVersion = 10.0.40219.1
Project("{FAE04EC0-301F-11D3-BF4B-00C04F79EFBC}") = "TradeAPI", "WebApplication1\TradeAPI.csproj", "{7CF5F8D2-E5A6-461D-943F-F9BA220E71BC}"
EndProject
Project("{FAE04EC0-301F-11D3-BF4B-00C04F79EFBC}") = "TradeAPI.DataAccess", "TradeAPI.DataAccess\TradeAPI.DataAccess.csproj", "{A18363D5-27F3-4354-AA3E-A06A0A63402B}"
EndProject
Global
	GlobalSection(SolutionConfigurationPlatforms) = preSolution
		Debug|Any CPU = Debug|Any CPU
		Release|Any CPU = Release|Any CPU
	EndGlobalSection
	GlobalSection(ProjectConfigurationPlatforms) = postSolution
		{7CF5F8D2-E5A6-461D-943F-F9BA220E71BC}.Debug|Any CPU.ActiveCfg = Debug|Any CPU
		{7CF5F8D2-E5A6-461D-943F-F9BA220E71BC}.Debug|Any CPU.Build.0 = Debug|Any CPU
		{7CF5F8D2-E5A6-461D-943F-F9BA220E71BC}.Release|Any CPU.ActiveCfg = Release|Any CPU
		{7CF5F8D2-E5A6-461D-943F-F9BA220E71BC}.Release|Any CPU.Build.0 = Release|Any CPU
		{A18363D5-27F3-4354-AA3E-A06A0A63402B}.Debug|Any CPU.ActiveCfg = Debug|Any CPU
		{A18363D5-27F3-4354-AA3E-A06A0A63402B}.Debug|Any CPU.Build.0 = Debug|Any CPU
		{A18363D5-27F3-4354-AA3E-A06A0A63402B}.Release|Any CPU.ActiveCfg = Release|Any CPU
		{A18363D5-27F3-4354-AA3E-A06A0A63402B}.Release|Any CPU.Build.0 = Release|Any CPU
	EndGlobalSection
	GlobalSection(SolutionProperties) = preSolution
		HideSolutionNode = FALSE
	EndGlobalSection
	GlobalSection(ExtensibilityGlobals) = postSolution
		SolutionGuid = {2948D019-7A14-455C-AD3E-085966F0A78D}
	EndGlobalSection
EndGlobal
